id: "nokia-operator-unlock"
name: "Nokia operator unlock"
expression_proof:
  verified: "absent"
  verified_at: "2026-08-31"
  verified_with: "john 1.9.0-jumbo-1+bleeding-9a336d800a 2026-08-02 00:19:48 +0200"
  note: "john publishes this as \"Nokia operator unlock\" and no category, so what kind of construction it is has not been established here. Its name is not expression-shaped and john's dynamic EXPRESSION language cannot be handed it, so there is no expression on this row. That says nothing about whether any tool can CRACK it, and it is not a claim that the algorithm HAS no expression -- run seed-hx.pl and derive-expressions.pl, which can settle that from evidence."
denotation:
  text: "Nokia operator unlock"
  source: "john"
  note: "john's own label for SL3, in 1.9.0-jumbo-1+bleeding-9a336d800a 2026-08-02 00:19:48 +0200."
status: "ok"
tools:
  john:
    cpu: ["SL3"]
    gpu: ["SL3-opencl"]
    verified: "vector"
    verified_at: "2026-08-31"
    verified_with: "john 1.9.0-jumbo-1+bleeding-9a336d800a 2026-08-02 00:19:48 +0200"
    note: "john's own published example ciphertext for this format, recovered by john under this format. john publishes no plaintext, so the plaintext was found by handing john its own example and a candidate list -- what john recovered IS the plaintext, by construction."
  crack:
    supported: false
vectors:
  - hash: "$sl3$35831503698405$d8f6b336a4df3336bf7de58a38b1189f6c5ce1e8"
    pass: 621888462499899
    source: "john"
